
Microsoft Visual Studio Solution File, Format Version 12.00
# Visual Studio 15
VisualStudioVersion = 15.0.27703.2042
MinimumVisualStudioVersion = 10.0.40219.1
Project("{FAE04EC0-301F-11D3-BF4B-00C04F79EFBC}") = "Lab3 071718", "Lab3 071718.csproj", "{B468CF9B-9F58-4C02-B50B-5A81460D1593}"
EndProject
Global
	GlobalSection(SolutionConfigurationPlatforms) = preSolution
		Debug|Any CPU = Debug|Any CPU
		Release|Any CPU = Release|Any CPU
	EndGlobalSection
	GlobalSection(ProjectConfigurationPlatforms) = postSolution
		{B468CF9B-9F58-4C02-B50B-5A81460D1593}.Debug|Any CPU.ActiveCfg = Debug|Any CPU
		{B468CF9B-9F58-4C02-B50B-5A81460D1593}.Debug|Any CPU.Build.0 = Debug|Any CPU
		{B468CF9B-9F58-4C02-B50B-5A81460D1593}.Release|Any CPU.ActiveCfg = Release|Any CPU
		{B468CF9B-9F58-4C02-B50B-5A81460D1593}.Release|Any CPU.Build.0 = Release|Any CPU
	EndGlobalSection
	GlobalSection(SolutionProperties) = preSolution
		HideSolutionNode = FALSE
	EndGlobalSection
	GlobalSection(ExtensibilityGlobals) = postSolution
		SolutionGuid = {2A16F2DD-3795-486D-91DA-BFBA05B8A929}
	EndGlobalSection
EndGlobal
